
Microsoft Visual Studio Solution File, Format Version 12.00
# Visual Studio Version 17
VisualStudioVersion = 17.14.36408.4
MinimumVisualStudioVersion = 10.0.40219.1
Project("{FAE04EC0-301F-11D3-BF4B-00C04F79EFBC}") = "NINA++", "NINA++.csproj", "{D71E63C1-6849-46B0-ACD3-05E8D55D9E60}"
EndProject
Project("{8BC9CEB8-8B4A-11D0-8D11-00A0C91BC942}") = "NINA++.Wrapper", "NINA++.Wrapper\NINA++.Wrapper.vcxproj", "{5988BA9C-0F0C-E4A8-977C-0B6B791F17E3}"
EndProject
Project("{8BC9CEB8-8B4A-11D0-8D11-00A0C91BC942}") = "NINA++.Native", "NINA++.Native\NINA++.Native.vcxproj", "{6211ADDF-3F7E-457B-9E41-BACCD717A23F}"
EndProject
Global
	GlobalSection(SolutionConfigurationPlatforms) = preSolution
		Debug|x64 = Debug|x64
		Debug|x86 = Debug|x86
		Release|x64 = Release|x64
		Release|x86 = Release|x86
	EndGlobalSection
	GlobalSection(ProjectConfigurationPlatforms) = postSolution
		{D71E63C1-6849-46B0-ACD3-05E8D55D9E60}.Debug|x64.ActiveCfg = Debug|Any CPU
		{D71E63C1-6849-46B0-ACD3-05E8D55D9E60}.Debug|x64.Build.0 = Debug|Any CPU
		{D71E63C1-6849-46B0-ACD3-05E8D55D9E60}.Debug|x86.ActiveCfg = Debug|Any CPU
		{D71E63C1-6849-46B0-ACD3-05E8D55D9E60}.Debug|x86.Build.0 = Debug|Any CPU
		{D71E63C1-6849-46B0-ACD3-05E8D55D9E60}.Release|x64.ActiveCfg = Release|Any CPU
		{D71E63C1-6849-46B0-ACD3-05E8D55D9E60}.Release|x64.Build.0 = Release|Any CPU
		{D71E63C1-6849-46B0-ACD3-05E8D55D9E60}.Release|x86.ActiveCfg = Release|Any CPU
		{D71E63C1-6849-46B0-ACD3-05E8D55D9E60}.Release|x86.Build.0 = Release|Any CPU
		{5988BA9C-0F0C-E4A8-977C-0B6B791F17E3}.Debug|x64.ActiveCfg = Debug|x64
		{5988BA9C-0F0C-E4A8-977C-0B6B791F17E3}.Debug|x64.Build.0 = Debug|x64
		{5988BA9C-0F0C-E4A8-977C-0B6B791F17E3}.Debug|x86.ActiveCfg = Debug|x64
		{5988BA9C-0F0C-E4A8-977C-0B6B791F17E3}.Release|x64.ActiveCfg = Release|x64
		{5988BA9C-0F0C-E4A8-977C-0B6B791F17E3}.Release|x64.Build.0 = Release|x64
		{5988BA9C-0F0C-E4A8-977C-0B6B791F17E3}.Release|x86.ActiveCfg = Release|x64
		{6211ADDF-3F7E-457B-9E41-BACCD717A23F}.Debug|x64.ActiveCfg = Debug|x64
		{6211ADDF-3F7E-457B-9E41-BACCD717A23F}.Debug|x64.Build.0 = Debug|x64
		{6211ADDF-3F7E-457B-9E41-BACCD717A23F}.Debug|x86.ActiveCfg = Debug|x64
		{6211ADDF-3F7E-457B-9E41-BACCD717A23F}.Release|x64.ActiveCfg = Release|x64
		{6211ADDF-3F7E-457B-9E41-BACCD717A23F}.Release|x64.Build.0 = Release|x64
		{6211ADDF-3F7E-457B-9E41-BACCD717A23F}.Release|x86.ActiveCfg = Release|x64
	EndGlobalSection
	GlobalSection(SolutionProperties) = preSolution
		HideSolutionNode = FALSE
	EndGlobalSection
	GlobalSection(ExtensibilityGlobals) = postSolution
		SolutionGuid = {636FC7FC-8DA9-454A-984C-6CFF1B6E4CA7}
	EndGlobalSection
EndGlobal
