<?xml version="1.0" encoding="utf-8"?>
<Project ToolsVersion="4.0" xmlns="http://schemas.microsoft.com/developer/msbuild/2003">
  <ItemGroup>
    <Filter Include="Source Files">
      <UniqueIdentifier>{4FC737F1-C7A5-4376-A066-2A32D752A2FF}</UniqueIdentifier>
      <Extensions>cpp;c;cc;cxx;c++;cppm;ixx;def;odl;idl;hpj;bat;asm;asmx</Extensions>
    </Filter>
    <Filter Include="Header Files">
      <UniqueIdentifier>{93995380-89BD-4b04-88EB-625FBE52EBFB}</UniqueIdentifier>
      <Extensions>h;hh;hpp;hxx;h++;hm;inl;inc;ipp;xsd</Extensions>
    </Filter>
    <Filter Include="Resource Files">
      <UniqueIdentifier>{67DA6AB6-F800-4c08-8B7A-83BB121AAD01}</UniqueIdentifier>
      <Extensions>rc;ico;cur;bmp;dlg;rc2;rct;bin;rgs;gif;jpg;jpeg;jpe;resx;tiff;tif;png;wav;mfcribbon-ms</Extensions>
    </Filter>
    <Filter Include="Header Files\Image">
      <UniqueIdentifier>{b1a708d6-3d67-402b-9b5f-9f212fce29a8}</UniqueIdentifier>
    </Filter>
    <Filter Include="Header Files\Image\ImageAnalysis">
      <UniqueIdentifier>{1948f65a-72ea-41ca-bab2-fc18a8d59871}</UniqueIdentifier>
    </Filter>
    <Filter Include="Source Files\Image">
      <UniqueIdentifier>{ff8bb1d9-bbf7-465c-9115-c58b7443457f}</UniqueIdentifier>
    </Filter>
    <Filter Include="Source Files\Image\ImageAnalysis">
      <UniqueIdentifier>{edd03c3e-a8bb-4a33-a64f-b6b21b5eaa28}</UniqueIdentifier>
    </Filter>
    <Filter Include="Source Files\Accord">
      <UniqueIdentifier>{2c9b5c47-f973-4400-9fc1-4a41805ea277}</UniqueIdentifier>
    </Filter>
    <Filter Include="Source Files\Accord\Imaging">
      <UniqueIdentifier>{a10bca4e-a016-4399-a759-2876d024801a}</UniqueIdentifier>
    </Filter>
    <Filter Include="Header Files\Accord">
      <UniqueIdentifier>{f056d1a8-507b-44ce-99f9-c353cbbbc107}</UniqueIdentifier>
    </Filter>
    <Filter Include="Header Files\Accord\Imaging">
      <UniqueIdentifier>{a7cfd9f1-5070-4f26-a9fd-fe1ad1a4edca}</UniqueIdentifier>
    </Filter>
    <Filter Include="Header Files\Accord\Imaging\Filters">
      <UniqueIdentifier>{012b8cc4-c8d5-4f2f-b7df-4fb3ed06b709}</UniqueIdentifier>
    </Filter>
    <Filter Include="Source Files\Accord\Imaging\Filters">
      <UniqueIdentifier>{9be1c536-b433-4d7c-a213-0f13422cf027}</UniqueIdentifier>
    </Filter>
  </ItemGroup>
  <ItemGroup>
    <ClInclude Include="ninapp.hpp">
      <Filter>Header Files</Filter>
    </ClInclude>
    <ClInclude Include="resource.h">
      <Filter>Header Files</Filter>
    </ClInclude>
    <ClInclude Include="Image\enums.hpp">
      <Filter>Header Files\Image</Filter>
    </ClInclude>
    <ClInclude Include="Image\ImageAnalysis\BayerFilter16bpp.hpp">
      <Filter>Header Files\Image\ImageAnalysis</Filter>
    </ClInclude>
    <ClInclude Include="Image\ImageAnalysis\ColorRemappingGeneral.hpp">
      <Filter>Header Files\Image\ImageAnalysis</Filter>
    </ClInclude>
    <ClInclude Include="Image\ImageAnalysis\FastGaussianBlur.hpp">
      <Filter>Header Files\Image\ImageAnalysis</Filter>
    </ClInclude>
    <ClInclude Include="Image\ImageAnalysis\StarDetection.hpp">
      <Filter>Header Files\Image\ImageAnalysis</Filter>
    </ClInclude>
    <ClInclude Include="Image\struct.hpp">
      <Filter>Header Files\Image</Filter>
    </ClInclude>
    <ClInclude Include="Accord\Imaging\BlobCounter.hpp">
      <Filter>Header Files\Accord\Imaging</Filter>
    </ClInclude>
    <ClInclude Include="Accord\Imaging\BlobCounterBase.hpp">
      <Filter>Header Files\Accord\Imaging</Filter>
    </ClInclude>
    <ClInclude Include="Accord\Imaging\Filters\Convolution.hpp">
      <Filter>Header Files\Accord\Imaging\Filters</Filter>
    </ClInclude>
    <ClInclude Include="Accord\Imaging\Filters\ResizeBicubic.hpp">
      <Filter>Header Files</Filter>
    </ClInclude>
    <ClInclude Include="Accord\Imaging\Filters\SISThreshold.hpp">
      <Filter>Header Files</Filter>
    </ClInclude>
    <ClInclude Include="Accord\Imaging\Filters\BinaryDilation3x3.hpp">
      <Filter>Header Files</Filter>
    </ClInclude>
  </ItemGroup>
  <ItemGroup>
    <ClCompile Include="Image\ImageAnalysis\BayerFilter16bpp.cpp">
      <Filter>Source Files\Image\ImageAnalysis</Filter>
    </ClCompile>
    <ClCompile Include="Image\ImageAnalysis\ColorRemappingGeneral.cpp">
      <Filter>Source Files\Image\ImageAnalysis</Filter>
    </ClCompile>
    <ClCompile Include="Image\ImageAnalysis\FastGaussianBlur.cpp">
      <Filter>Source Files\Image\ImageAnalysis</Filter>
    </ClCompile>
    <ClCompile Include="Image\ImageAnalysis\StarDetection.cpp">
      <Filter>Source Files\Image\ImageAnalysis</Filter>
    </ClCompile>
    <ClCompile Include="Accord\Imaging\BlobCounter.cpp">
      <Filter>Source Files\Accord\Imaging</Filter>
    </ClCompile>
    <ClCompile Include="Accord\Imaging\BlobCounterBase.cpp">
      <Filter>Source Files\Accord\Imaging</Filter>
    </ClCompile>
    <ClCompile Include="Accord\Imaging\Filters\Convolution.cpp">
      <Filter>Source Files\Accord\Imaging\Filters</Filter>
    </ClCompile>
    <ClCompile Include="Accord\Imaging\Filters\ResizeBicubic.cpp">
      <Filter>Source Files</Filter>
    </ClCompile>
    <ClCompile Include="Accord\Imaging\Filters\SISThreshold.cpp">
      <Filter>Source Files</Filter>
    </ClCompile>
    <ClCompile Include="Accord\Imaging\Filters\BinaryDilation3x3.cpp">
      <Filter>Source Files</Filter>
    </ClCompile>
  </ItemGroup>
  <ItemGroup>
    <ResourceCompile Include="NINA++.Native.rc">
      <Filter>Resource Files</Filter>
    </ResourceCompile>
  </ItemGroup>
</Project>